// !$*UTF8*$!
{
	archiveVersion = 1;
	classes = {
	};
	objectVersion = 48;
	objects = {

/* Begin PBXBuildFile section */
		2B302F422038A80A00E44964 /* NetworkRequestKeys.swift in Sources */ = {isa = PBXBuildFile; fileRef = 2B302F412038A80A00E44964 /* NetworkRequestKeys.swift */; };
		2B302F442038A8DC00E44964 /* NetworkRequest.swift in Sources */ = {isa = PBXBuildFile; fileRef = 2B302F432038A8DC00E44964 /* NetworkRequest.swift */; };
		2B302F462038A8ED00E44964 /* NetworkRequestExecutor.swift in Sources */ = {isa = PBXBuildFile; fileRef = 2B302F452038A8ED00E44964 /* NetworkRequestExecutor.swift */; };
		2B302F492038B3FD00E44964 /* TFLFetcher.swift in Sources */ = {isa = PBXBuildFile; fileRef = 2B302F482038B3FD00E44964 /* TFLFetcher.swift */; };
		2B302F4B2038B93200E44964 /* Keys.swift in Sources */ = {isa = PBXBuildFile; fileRef = 2B302F4A2038B93200E44964 /* Keys.swift */; };
		2B30F271202B83ED00C65D77 /* AppDelegate.swift in Sources */ = {isa = PBXBuildFile; fileRef = 2B30F270202B83ED00C65D77 /* AppDelegate.swift */; };
		2B30F276202B83ED00C65D77 /* Main.storyboard in Resources */ = {isa = PBXBuildFile; fileRef = 2B30F274202B83ED00C65D77 /* Main.storyboard */; };
		2B30F278202B83ED00C65D77 /* Assets.xcassets in Resources */ = {isa = PBXBuildFile; fileRef = 2B30F277202B83ED00C65D77 /* Assets.xcassets */; };
		2B30F27B202B83ED00C65D77 /* LaunchScreen.storyboard in Resources */ = {isa = PBXBuildFile; fileRef = 2B30F279202B83ED00C65D77 /* LaunchScreen.storyboard */; };
		2B30F287202B881F00C65D77 /* MapViewController.swift in Sources */ = {isa = PBXBuildFile; fileRef = 2B30F286202B881F00C65D77 /* MapViewController.swift */; };
		2B30F28A202B919B00C65D77 /* TubeStationCollectionViewCell.swift in Sources */ = {isa = PBXBuildFile; fileRef = 2B30F288202B919B00C65D77 /* TubeStationCollectionViewCell.swift */; };
		2B30F28B202B919B00C65D77 /* TubeStationCollectionViewCell.xib in Resources */ = {isa = PBXBuildFile; fileRef = 2B30F289202B919B00C65D77 /* TubeStationCollectionViewCell.xib */; };
		2B30F28F202B98A100C65D77 /* TubeLineTableViewCell.swift in Sources */ = {isa = PBXBuildFile; fileRef = 2B30F28D202B98A100C65D77 /* TubeLineTableViewCell.swift */; };
		2B30F290202B98A100C65D77 /* TubeLineTableViewCell.xib in Resources */ = {isa = PBXBuildFile; fileRef = 2B30F28E202B98A100C65D77 /* TubeLineTableViewCell.xib */; };
/* End PBXBuildFile section */

/* Begin PBXFileReference section */
		2B302F412038A80A00E44964 /* NetworkRequestKeys.swift */ = {isa = PBXFileReference; lastKnownFileType = sourcecode.swift; path = NetworkRequestKeys.swift; sourceTree = "<group>"; };
		2B302F432038A8DC00E44964 /* NetworkRequest.swift */ = {isa = PBXFileReference; lastKnownFileType = sourcecode.swift; path = NetworkRequest.swift; sourceTree = "<group>"; };
		2B302F452038A8ED00E44964 /* NetworkRequestExecutor.swift */ = {isa = PBXFileReference; lastKnownFileType = sourcecode.swift; path = NetworkRequestExecutor.swift; sourceTree = "<group>"; };
		2B302F482038B3FD00E44964 /* TFLFetcher.swift */ = {isa = PBXFileReference; lastKnownFileType = sourcecode.swift; path = TFLFetcher.swift; sourceTree = "<group>"; };
		2B302F4A2038B93200E44964 /* Keys.swift */ = {isa = PBXFileReference; lastKnownFileType = sourcecode.swift; path = Keys.swift; sourceTree = "<group>"; };
		2B30F26D202B83ED00C65D77 /* XMap.app */ = {isa = PBXFileReference; explicitFileType = wrapper.application; includeInIndex = 0; path = XMap.app; sourceTree = BUILT_PRODUCTS_DIR; };
		2B30F270202B83ED00C65D77 /* AppDelegate.swift */ = {isa = PBXFileReference; lastKnownFileType = sourcecode.swift; path = AppDelegate.swift; sourceTree = "<group>"; };
		2B30F275202B83ED00C65D77 /* Base */ = {isa = PBXFileReference; lastKnownFileType = file.storyboard; name = Base; path = Base.lproj/Main.storyboard; sourceTree = "<group>"; };
		2B30F277202B83ED00C65D77 /* Assets.xcassets */ = {isa = PBXFileReference; lastKnownFileType = folder.assetcatalog; path = Assets.xcassets; sourceTree = "<group>"; };
		2B30F27A202B83ED00C65D77 /* Base */ = {isa = PBXFileReference; lastKnownFileType = file.storyboard; name = Base; path = Base.lproj/LaunchScreen.storyboard; sourceTree = "<group>"; };
		2B30F27C202B83ED00C65D77 /* Info.plist */ = {isa = PBXFileReference; lastKnownFileType = text.plist.xml; path = Info.plist; sourceTree = "<group>"; };
		2B30F286202B881F00C65D77 /* MapViewController.swift */ = {isa = PBXFileReference; lastKnownFileType = sourcecode.swift; path = MapViewController.swift; sourceTree = "<group>"; };
		2B30F288202B919B00C65D77 /* TubeStationCollectionViewCell.swift */ = {isa = PBXFileReference; lastKnownFileType = sourcecode.swift; path = TubeStationCollectionViewCell.swift; sourceTree = "<group>"; };
		2B30F289202B919B00C65D77 /* TubeStationCollectionViewCell.xib */ = {isa = PBXFileReference; lastKnownFileType = file.xib; path = TubeStationCollectionViewCell.xib; sourceTree = "<group>"; };
		2B30F28D202B98A100C65D77 /* TubeLineTableViewCell.swift */ = {isa = PBXFileReference; lastKnownFileType = sourcecode.swift; path = TubeLineTableViewCell.swift; sourceTree = "<group>"; };
		2B30F28E202B98A100C65D77 /* TubeLineTableViewCell.xib */ = {isa = PBXFileReference; lastKnownFileType = file.xib; path = TubeLineTableViewCell.xib; sourceTree = "<group>"; };
/* End PBXFileReference section */

/* Begin PBXFrameworksBuildPhase section */
		2B30F26A202B83ED00C65D77 /* Frameworks */ = {
			isa = PBXFrameworksBuildPhase;
			buildActionMask = 2147483647;
			files = (
			);
			runOnlyForDeploymentPostprocessing = 0;
		};
/* End PBXFrameworksBuildPhase section */

/* Begin PBXGroup section */
		2B302F402038A7DE00E44964 /* Model */ = {
			isa = PBXGroup;
			children = (
				2B302F4A2038B93200E44964 /* Keys.swift */,
				2B302F482038B3FD00E44964 /* TFLFetcher.swift */,
				2B302F472038A8F200E44964 /* Networking */,
			);
			path = Model;
			sourceTree = "<group>";
		};
		2B302F472038A8F200E44964 /* Networking */ = {
			isa = PBXGroup;
			children = (
				2B302F412038A80A00E44964 /* NetworkRequestKeys.swift */,
				2B302F432038A8DC00E44964 /* NetworkRequest.swift */,
				2B302F452038A8ED00E44964 /* NetworkRequestExecutor.swift */,
			);
			path = Networking;
			sourceTree = "<group>";
		};
		2B30F264202B83ED00C65D77 = {
			isa = PBXGroup;
			children = (
				2B30F26F202B83ED00C65D77 /* XMap */,
				2B30F26E202B83ED00C65D77 /* Products */,
			);
			sourceTree = "<group>";
		};
		2B30F26E202B83ED00C65D77 /* Products */ = {
			isa = PBXGroup;
			children = (
				2B30F26D202B83ED00C65D77 /* XMap.app */,
			);
			name = Products;
			sourceTree = "<group>";
		};
		2B30F26F202B83ED00C65D77 /* XMap */ = {
			isa = PBXGroup;
			children = (
				2B302F402038A7DE00E44964 /* Model */,
				2B30F284202B849500C65D77 /* Controller */,
				2B30F283202B848F00C65D77 /* View */,
				2B30F285202B84D700C65D77 /* Misc */,
			);
			path = XMap;
			sourceTree = "<group>";
		};
		2B30F283202B848F00C65D77 /* View */ = {
			isa = PBXGroup;
			children = (
				2B30F274202B83ED00C65D77 /* Main.storyboard */,
				2B30F279202B83ED00C65D77 /* LaunchScreen.storyboard */,
				2B30F289202B919B00C65D77 /* TubeStationCollectionViewCell.xib */,
				2B30F28E202B98A100C65D77 /* TubeLineTableViewCell.xib */,
			);
			path = View;
			sourceTree = "<group>";
		};
		2B30F284202B849500C65D77 /* Controller */ = {
			isa = PBXGroup;
			children = (
				2B30F270202B83ED00C65D77 /* AppDelegate.swift */,
				2B30F286202B881F00C65D77 /* MapViewController.swift */,
				2B30F28C202B921300C65D77 /* Cells */,
			);
			path = Controller;
			sourceTree = "<group>";
		};
		2B30F285202B84D700C65D77 /* Misc */ = {
			isa = PBXGroup;
			children = (
				2B30F277202B83ED00C65D77 /* Assets.xcassets */,
				2B30F27C202B83ED00C65D77 /* Info.plist */,
			);
			path = Misc;
			sourceTree = "<group>";
		};
		2B30F28C202B921300C65D77 /* Cells */ = {
			isa = PBXGroup;
			children = (
				2B30F288202B919B00C65D77 /* TubeStationCollectionViewCell.swift */,
				2B30F28D202B98A100C65D77 /* TubeLineTableViewCell.swift */,
			);
			path = Cells;
			sourceTree = "<group>";
		};
/* End PBXGroup section */

/* Begin PBXNativeTarget section */
		2B30F26C202B83ED00C65D77 /* XMap */ = {
			isa = PBXNativeTarget;
			buildConfigurationList = 2B30F27F202B83ED00C65D77 /* Build configuration list for PBXNativeTarget "XMap" */;
			buildPhases = (
				2B30F269202B83ED00C65D77 /* Sources */,
				2B30F26A202B83ED00C65D77 /* Frameworks */,
				2B30F26B202B83ED00C65D77 /* Resources */,
			);
			buildRules = (
			);
			dependencies = (
			);
			name = XMap;
			productName = ExMap;
			productReference = 2B30F26D202B83ED00C65D77 /* XMap.app */;
			productType = "com.apple.product-type.application";
		};
/* End PBXNativeTarget section */

/* Begin PBXProject section */
		2B30F265202B83ED00C65D77 /* Project object */ = {
			isa = PBXProject;
			attributes = {
				LastSwiftUpdateCheck = 0920;
				LastUpgradeCheck = 0920;
				ORGANIZATIONNAME = KCLTech;
				TargetAttributes = {
					2B30F26C202B83ED00C65D77 = {
						CreatedOnToolsVersion = 9.2;
						ProvisioningStyle = Automatic;
					};
				};
			};
			buildConfigurationList = 2B30F268202B83ED00C65D77 /* Build configuration list for PBXProject "XMap" */;
			compatibilityVersion = "Xcode 8.0";
			developmentRegion = en;
			hasScannedForEncodings = 0;
			knownRegions = (
				en,
				Base,
			);
			mainGroup = 2B30F264202B83ED00C65D77;
			productRefGroup = 2B30F26E202B83ED00C65D77 /* Products */;
			projectDirPath = "";
			projectRoot = "";
			targets = (
				2B30F26C202B83ED00C65D77 /* XMap */,
			);
		};
/* End PBXProject section */

/* Begin PBXResourcesBuildPhase section */
		2B30F26B202B83ED00C65D77 /* Resources */ = {
			isa = PBXResourcesBuildPhase;
			buildActionMask = 2147483647;
			files = (
				2B30F27B202B83ED00C65D77 /* LaunchScreen.storyboard in Resources */,
				2B30F28B202B919B00C65D77 /* TubeStationCollectionViewCell.xib in Resources */,
				2B30F290202B98A100C65D77 /* TubeLineTableViewCell.xib in Resources */,
				2B30F278202B83ED00C65D77 /* Assets.xcassets in Resources */,
				2B30F276202B83ED00C65D77 /* Main.storyboard in Resources */,
			);
			runOnlyForDeploymentPostprocessing = 0;
		};
/* End PBXResourcesBuildPhase section */

/* Begin PBXSourcesBuildPhase section */
		2B30F269202B83ED00C65D77 /* Sources */ = {
			isa = PBXSourcesBuildPhase;
			buildActionMask = 2147483647;
			files = (
				2B302F462038A8ED00E44964 /* NetworkRequestExecutor.swift in Sources */,
				2B302F422038A80A00E44964 /* NetworkRequestKeys.swift in Sources */,
				2B302F492038B3FD00E44964 /* TFLFetcher.swift in Sources */,
				2B30F28A202B919B00C65D77 /* TubeStationCollectionViewCell.swift in Sources */,
				2B30F28F202B98A100C65D77 /* TubeLineTableViewCell.swift in Sources */,
				2B30F271202B83ED00C65D77 /* AppDelegate.swift in Sources */,
				2B302F442038A8DC00E44964 /* NetworkRequest.swift in Sources */,
				2B302F4B2038B93200E44964 /* Keys.swift in Sources */,
				2B30F287202B881F00C65D77 /* MapViewController.swift in Sources */,
			);
			runOnlyForDeploymentPostprocessing = 0;
		};
/* End PBXSourcesBuildPhase section */

/* Begin PBXVariantGroup section */
		2B30F274202B83ED00C65D77 /* Main.storyboard */ = {
			isa = PBXVariantGroup;
			children = (
				2B30F275202B83ED00C65D77 /* Base */,
			);
			name = Main.storyboard;
			sourceTree = "<group>";
		};
		2B30F279202B83ED00C65D77 /* LaunchScreen.storyboard */ = {
			isa = PBXVariantGroup;
			children = (
				2B30F27A202B83ED00C65D77 /* Base */,
			);
			name = LaunchScreen.storyboard;
			sourceTree = "<group>";
		};
/* End PBXVariantGroup section */

/* Begin XCBuildConfiguration section */
		2B30F27D202B83ED00C65D77 /* Debug */ = {
			isa = XCBuildConfiguration;
			buildSettings = {
				ALWAYS_SEARCH_USER_PATHS = NO;
				CLANG_ANALYZER_NONNULL = YES;
				CLANG_ANALYZER_NUMBER_OBJECT_CONVERSION = YES_AGGRESSIVE;
				CLANG_CXX_LANGUAGE_STANDARD = "gnu++14";
				CLANG_CXX_LIBRARY = "libc++";
				CLANG_ENABLE_MODULES = YES;
				CLANG_ENABLE_OBJC_ARC = YES;
				CLANG_WARN_BLOCK_CAPTURE_AUTORELEASING = YES;
				CLANG_WARN_BOOL_CONVERSION = YES;
				CLANG_WARN_COMMA = YES;
				CLANG_WARN_CONSTANT_CONVERSION = YES;
				CLANG_WARN_DIRECT_OBJC_ISA_USAGE = YES_ERROR;
				CLANG_WARN_DOCUMENTATION_COMMENTS = YES;
				CLANG_WARN_EMPTY_BODY = YES;
				CLANG_WARN_ENUM_CONVERSION = YES;
				CLANG_WARN_INFINITE_RECURSION = YES;
				CLANG_WARN_INT_CONVERSION = YES;
				CLANG_WARN_NON_LITERAL_NULL_CONVERSION = YES;
				CLANG_WARN_OBJC_LITERAL_CONVERSION = YES;
				CLANG_WARN_OBJC_ROOT_CLASS = YES_ERROR;
				CLANG_WARN_RANGE_LOOP_ANALYSIS = YES;
				CLANG_WARN_STRICT_PROTOTYPES = YES;
				CLANG_WARN_SUSPICIOUS_MOVE = YES;
				CLANG_WARN_UNGUARDED_AVAILABILITY = YES_AGGRESSIVE;
				CLANG_WARN_UNREACHABLE_CODE = YES;
				CLANG_WARN__DUPLICATE_METHOD_MATCH = YES;
				CODE_SIGN_IDENTITY = "iPhone Developer";
				COPY_PHASE_STRIP = NO;
				DEBUG_INFORMATION_FORMAT = dwarf;
				ENABLE_STRICT_OBJC_MSGSEND = YES;
				ENABLE_TESTABILITY = YES;
				GCC_C_LANGUAGE_STANDARD = gnu11;
				GCC_DYNAMIC_NO_PIC = NO;
				GCC_NO_COMMON_BLOCKS = YES;
				GCC_OPTIMIZATION_LEVEL = 0;
				GCC_PREPROCESSOR_DEFINITIONS = (
					"DEBUG=1",
					"$(inherited)",
				);
				GCC_WARN_64_TO_32_BIT_CONVERSION = YES;
				GCC_WARN_ABOUT_RETURN_TYPE = YES_ERROR;
				GCC_WARN_UNDECLARED_SELECTOR = YES;
				GCC_WARN_UNINITIALIZED_AUTOS = YES_AGGRESSIVE;
				GCC_WARN_UNUSED_FUNCTION = YES;
				GCC_WARN_UNUSED_VARIABLE = YES;
				IPHONEOS_DEPLOYMENT_TARGET = 11.2;
				MTL_ENABLE_DEBUG_INFO = YES;
				ONLY_ACTIVE_ARCH = YES;
				SDKROOT = iphoneos;
				SWIFT_ACTIVE_COMPILATION_CONDITIONS = DEBUG;
				SWIFT_OPTIMIZATION_LEVEL = "-Onone";
			};
			name = Debug;
		};
		2B30F27E202B83ED00C65D77 /* Release */ = {
			isa = XCBuildConfiguration;
			buildSettings = {
				ALWAYS_SEARCH_USER_PATHS = NO;
				CLANG_ANALYZER_NONNULL = YES;
				CLANG_ANALYZER_NUMBER_OBJECT_CONVERSION = YES_AGGRESSIVE;
				CLANG_CXX_LANGUAGE_STANDARD = "gnu++14";
				CLANG_CXX_LIBRARY = "libc++";
				CLANG_ENABLE_MODULES = YES;
				CLANG_ENABLE_OBJC_ARC = YES;
				CLANG_WARN_BLOCK_CAPTURE_AUTORELEASING = YES;
				CLANG_WARN_BOOL_CONVERSION = YES;
				CLANG_WARN_COMMA = YES;
				CLANG_WARN_CONSTANT_CONVERSION = YES;
				CLANG_WARN_DIRECT_OBJC_ISA_USAGE = YES_ERROR;
				CLANG_WARN_DOCUMENTATION_COMMENTS = YES;
				CLANG_WARN_EMPTY_BODY = YES;
				CLANG_WARN_ENUM_CONVERSION = YES;
				CLANG_WARN_INFINITE_RECURSION = YES;
				CLANG_WARN_INT_CONVERSION = YES;
				CLANG_WARN_NON_LITERAL_NULL_CONVERSION = YES;
				CLANG_WARN_OBJC_LITERAL_CONVERSION = YES;
				CLANG_WARN_OBJC_ROOT_CLASS = YES_ERROR;
				CLANG_WARN_RANGE_LOOP_ANALYSIS = YES;
				CLANG_WARN_STRICT_PROTOTYPES = YES;
				CLANG_WARN_SUSPICIOUS_MOVE = YES;
				CLANG_WARN_UNGUARDED_AVAILABILITY = YES_AGGRESSIVE;
				CLANG_WARN_UNREACHABLE_CODE = YES;
				CLANG_WARN__DUPLICATE_METHOD_MATCH = YES;
				CODE_SIGN_IDENTITY = "iPhone Developer";
				COPY_PHASE_STRIP = NO;
				DEBUG_INFORMATION_FORMAT = "dwarf-with-dsym";
				ENABLE_NS_ASSERTIONS = NO;
				ENABLE_STRICT_OBJC_MSGSEND = YES;
				GCC_C_LANGUAGE_STANDARD = gnu11;
				GCC_NO_COMMON_BLOCKS = YES;
				GCC_WARN_64_TO_32_BIT_CONVERSION = YES;
				GCC_WARN_ABOUT_RETURN_TYPE = YES_ERROR;
				GCC_WARN_UNDECLARED_SELECTOR = YES;
				GCC_WARN_UNINITIALIZED_AUTOS = YES_AGGRESSIVE;
				GCC_WARN_UNUSED_FUNCTION = YES;
				GCC_WARN_UNUSED_VARIABLE = YES;
				IPHONEOS_DEPLOYMENT_TARGET = 11.2;
				MTL_ENABLE_DEBUG_INFO = NO;
				SDKROOT = iphoneos;
				SWIFT_OPTIMIZATION_LEVEL = "-Owholemodule";
				VALIDATE_PRODUCT = YES;
			};
			name = Release;
		};
		2B30F280202B83ED00C65D77 /* Debug */ = {
			isa = XCBuildConfiguration;
			buildSettings = {
				ASSETCATALOG_COMPILER_APPICON_NAME = AppIcon;
				CODE_SIGN_STYLE = Automatic;
				DEVELOPMENT_TEAM = "";
				INFOPLIST_FILE = XMap/Misc/Info.plist;
				IPHONEOS_DEPLOYMENT_TARGET = 11.0;
				LD_RUNPATH_SEARCH_PATHS = "$(inherited) @executable_path/Frameworks";
				PRODUCT_BUNDLE_IDENTIFIER = com.kcltech.XMap;
				PRODUCT_NAME = "$(TARGET_NAME)";
				SWIFT_VERSION = 4.0;
				TARGETED_DEVICE_FAMILY = "1,2";
			};
			name = Debug;
		};
		2B30F281202B83ED00C65D77 /* Release */ = {
			isa = XCBuildConfiguration;
			buildSettings = {
				ASSETCATALOG_COMPILER_APPICON_NAME = AppIcon;
				CODE_SIGN_STYLE = Automatic;
				DEVELOPMENT_TEAM = "";
				INFOPLIST_FILE = XMap/Misc/Info.plist;
				IPHONEOS_DEPLOYMENT_TARGET = 11.0;
				LD_RUNPATH_SEARCH_PATHS = "$(inherited) @executable_path/Frameworks";
				PRODUCT_BUNDLE_IDENTIFIER = com.kcltech.XMap;
				PRODUCT_NAME = "$(TARGET_NAME)";
				SWIFT_VERSION = 4.0;
				TARGETED_DEVICE_FAMILY = "1,2";
			};
			name = Release;
		};
/* End XCBuildConfiguration section */

/* Begin XCConfigurationList section */
		2B30F268202B83ED00C65D77 /* Build configuration list for PBXProject "XMap" */ = {
			isa = XCConfigurationList;
			buildConfigurations = (
				2B30F27D202B83ED00C65D77 /* Debug */,
				2B30F27E202B83ED00C65D77 /* Release */,
			);
			defaultConfigurationIsVisible = 0;
			defaultConfigurationName = Release;
		};
		2B30F27F202B83ED00C65D77 /* Build configuration list for PBXNativeTarget "XMap" */ = {
			isa = XCConfigurationList;
			buildConfigurations = (
				2B30F280202B83ED00C65D77 /* Debug */,
				2B30F281202B83ED00C65D77 /* Release */,
			);
			defaultConfigurationIsVisible = 0;
			defaultConfigurationName = Release;
		};
/* End XCConfigurationList section */
	};
	rootObject = 2B30F265202B83ED00C65D77 /* Project object */;
}
